
Microsoft Visual Studio Solution File, Format Version 12.00
# Visual Studio Version 17
VisualStudioVersion = 17.8.34309.116
MinimumVisualStudioVersion = 10.0.40219.1
Project("{FAE04EC0-301F-11D3-BF4B-00C04F79EFBC}") = "L07_Erathosphenus", "L07_Erathosphenus.csproj", "{2C02663E-8774-4C63-B3E4-09881ED15B2F}"
EndProject
Global
	GlobalSection(SolutionConfigurationPlatforms) = preSolution
		Debug|Any CPU = Debug|Any CPU
		Release|Any CPU = Release|Any CPU
	EndGlobalSection
	GlobalSection(ProjectConfigurationPlatforms) = postSolution
		{2C02663E-8774-4C63-B3E4-09881ED15B2F}.Debug|Any CPU.ActiveCfg = Debug|Any CPU
		{2C02663E-8774-4C63-B3E4-09881ED15B2F}.Debug|Any CPU.Build.0 = Debug|Any CPU
		{2C02663E-8774-4C63-B3E4-09881ED15B2F}.Release|Any CPU.ActiveCfg = Release|Any CPU
		{2C02663E-8774-4C63-B3E4-09881ED15B2F}.Release|Any CPU.Build.0 = Release|Any CPU
	EndGlobalSection
	GlobalSection(SolutionProperties) = preSolution
		HideSolutionNode = FALSE
	EndGlobalSection
	GlobalSection(ExtensibilityGlobals) = postSolution
		SolutionGuid = {33871C13-6807-4F2F-A0AB-92CCD3FA863C}
	EndGlobalSection
EndGlobal
